
Microsoft Visual Studio Solution File, Format Version 12.00
# Visual Studio Version 17
VisualStudioVersion = 17.5.002.0
MinimumVisualStudioVersion = 10.0.40219.1
Project("{9A19103F-16F7-4668-BE54-9A1E7A4F7556}") = "backProject", "backProject.csproj", "{2BB1890C-973F-4BFD-8DFB-C21F5BF89276}"
EndProject
Global
	GlobalSection(SolutionConfigurationPlatforms) = preSolution
		Debug|Any CPU = Debug|Any CPU
		Release|Any CPU = Release|Any CPU
	EndGlobalSection
	GlobalSection(ProjectConfigurationPlatforms) = postSolution
		{2BB1890C-973F-4BFD-8DFB-C21F5BF89276}.Debug|Any CPU.ActiveCfg = Debug|Any CPU
		{2BB1890C-973F-4BFD-8DFB-C21F5BF89276}.Debug|Any CPU.Build.0 = Debug|Any CPU
		{2BB1890C-973F-4BFD-8DFB-C21F5BF89276}.Release|Any CPU.ActiveCfg = Release|Any CPU
		{2BB1890C-973F-4BFD-8DFB-C21F5BF89276}.Release|Any CPU.Build.0 = Release|Any CPU
	EndGlobalSection
	GlobalSection(SolutionProperties) = preSolution
		HideSolutionNode = FALSE
	EndGlobalSection
	GlobalSection(ExtensibilityGlobals) = postSolution
		SolutionGuid = {A74BB954-DF53-4B54-AB2F-A8977FF41166}
	EndGlobalSection
EndGlobal
